
Microsoft Visual Studio Solution File, Format Version 12.00
# Visual Studio Version 16
VisualStudioVersion = 16.0.30804.86
MinimumVisualStudioVersion = 10.0.40219.1
Project("{FAE04EC0-301F-11D3-BF4B-00C04F79EFBC}") = "BlazorWithTailwindCSS", "BlazorWithTailwindCSS\BlazorWithTailwindCSS.csproj", "{A7D11525-8AD3-455C-B884-05D8D7FAC788}"
EndProject
Global
	GlobalSection(SolutionConfigurationPlatforms) = preSolution
		Debug|Any CPU = Debug|Any CPU
		Release|Any CPU = Release|Any CPU
	EndGlobalSection
	GlobalSection(ProjectConfigurationPlatforms) = postSolution
		{A7D11525-8AD3-455C-B884-05D8D7FAC788}.Debug|Any CPU.ActiveCfg = Debug|Any CPU
		{A7D11525-8AD3-455C-B884-05D8D7FAC788}.Debug|Any CPU.Build.0 = Debug|Any CPU
		{A7D11525-8AD3-455C-B884-05D8D7FAC788}.Release|Any CPU.ActiveCfg = Release|Any CPU
		{A7D11525-8AD3-455C-B884-05D8D7FAC788}.Release|Any CPU.Build.0 = Release|Any CPU
	EndGlobalSection
	GlobalSection(SolutionProperties) = preSolution
		HideSolutionNode = FALSE
	EndGlobalSection
	GlobalSection(ExtensibilityGlobals) = postSolution
		SolutionGuid = {2935DB36-3F67-45DB-AFFC-1BE492C97CF2}
	EndGlobalSection
EndGlobal
